
Microsoft Visual Studio Solution File, Format Version 11.00
# Visual Studio 2010
Project("{FAE04EC0-301F-11D3-BF4B-00C04F79EFBC}") = "HRMS_Connection", "HRMS_Connection\HRMS_Connection.csproj", "{E9364C0D-464B-4004-AAAD-AD1162711A9F}"
EndProject
Global
	GlobalSection(SolutionConfigurationPlatforms) = preSolution
		Debug|Any CPU = Debug|Any CPU
		Release|Any CPU = Release|Any CPU
	EndGlobalSection
	GlobalSection(ProjectConfigurationPlatforms) = postSolution
		{E9364C0D-464B-4004-AAAD-AD1162711A9F}.Debug|Any CPU.ActiveCfg = Debug|Any CPU
		{E9364C0D-464B-4004-AAAD-AD1162711A9F}.Debug|Any CPU.Build.0 = Debug|Any CPU
		{E9364C0D-464B-4004-AAAD-AD1162711A9F}.Release|Any CPU.ActiveCfg = Release|Any CPU
		{E9364C0D-464B-4004-AAAD-AD1162711A9F}.Release|Any CPU.Build.0 = Release|Any CPU
	EndGlobalSection
	GlobalSection(SolutionProperties) = preSolution
		HideSolutionNode = FALSE
	EndGlobalSection
EndGlobal
